
Microsoft Visual Studio Solution File, Format Version 12.00
# Visual Studio 14
VisualStudioVersion = 14.0.25420.1
MinimumVisualStudioVersion = 10.0.40219.1
Project("{FAE04EC0-301F-11D3-BF4B-00C04F79EFBC}") = "Database", "Database\Database.csproj", "{C379AD86-23E5-413A-8C9D-9057514B265A}"
EndProject
Project("{FAE04EC0-301F-11D3-BF4B-00C04F79EFBC}") = "ApiCarrental", "ApiCarrental\ApiCarrental.csproj", "{D5A38C41-A84B-4C76-9CDB-957DFBC54177}"
EndProject
Global
	GlobalSection(SolutionConfigurationPlatforms) = preSolution
		Debug|Any CPU = Debug|Any CPU
		Release|Any CPU = Release|Any CPU
	EndGlobalSection
	GlobalSection(ProjectConfigurationPlatforms) = postSolution
		{C379AD86-23E5-413A-8C9D-9057514B265A}.Debug|Any CPU.ActiveCfg = Debug|Any CPU
		{C379AD86-23E5-413A-8C9D-9057514B265A}.Debug|Any CPU.Build.0 = Debug|Any CPU
		{C379AD86-23E5-413A-8C9D-9057514B265A}.Release|Any CPU.ActiveCfg = Release|Any CPU
		{C379AD86-23E5-413A-8C9D-9057514B265A}.Release|Any CPU.Build.0 = Release|Any CPU
		{D5A38C41-A84B-4C76-9CDB-957DFBC54177}.Debug|Any CPU.ActiveCfg = Debug|Any CPU
		{D5A38C41-A84B-4C76-9CDB-957DFBC54177}.Debug|Any CPU.Build.0 = Debug|Any CPU
		{D5A38C41-A84B-4C76-9CDB-957DFBC54177}.Release|Any CPU.ActiveCfg = Release|Any CPU
		{D5A38C41-A84B-4C76-9CDB-957DFBC54177}.Release|Any CPU.Build.0 = Release|Any CPU
	EndGlobalSection
	GlobalSection(SolutionProperties) = preSolution
		HideSolutionNode = FALSE
	EndGlobalSection
EndGlobal
